
Microsoft Visual Studio Solution File, Format Version 11.00
# Visual Studio 2010
Project("{FAE04EC0-301F-11D3-BF4B-00C04F79EFBC}") = "Bai2-MDI", "Bai2-MDI\Bai2-MDI.csproj", "{3119EE48-2BD5-48CB-9447-294EC56B5D4C}"
EndProject
Global
	GlobalSection(SolutionConfigurationPlatforms) = preSolution
		Debug|Any CPU = Debug|Any CPU
		Release|Any CPU = Release|Any CPU
	EndGlobalSection
	GlobalSection(ProjectConfigurationPlatforms) = postSolution
		{3119EE48-2BD5-48CB-9447-294EC56B5D4C}.Debug|Any CPU.ActiveCfg = Debug|Any CPU
		{3119EE48-2BD5-48CB-9447-294EC56B5D4C}.Debug|Any CPU.Build.0 = Debug|Any CPU
		{3119EE48-2BD5-48CB-9447-294EC56B5D4C}.Release|Any CPU.ActiveCfg = Release|Any CPU
		{3119EE48-2BD5-48CB-9447-294EC56B5D4C}.Release|Any CPU.Build.0 = Release|Any CPU
	EndGlobalSection
	GlobalSection(SolutionProperties) = preSolution
		HideSolutionNode = FALSE
	EndGlobalSection
EndGlobal
